
Microsoft Visual Studio Solution File, Format Version 12.00
# Visual Studio Version 17
VisualStudioVersion = 17.5.33627.172
MinimumVisualStudioVersion = 10.0.40219.1
Project("{FAE04EC0-301F-11D3-BF4B-00C04F79EFBC}") = "RionMurphyGitHubPracticeMay10", "RionMurphyGitHubPracticeMay10\RionMurphyGitHubPracticeMay10.csproj", "{E2FC02A6-F117-4919-8724-3AF66EDDBB83}"
EndProject
Global
	GlobalSection(SolutionConfigurationPlatforms) = preSolution
		Debug|Any CPU = Debug|Any CPU
		Release|Any CPU = Release|Any CPU
	EndGlobalSection
	GlobalSection(ProjectConfigurationPlatforms) = postSolution
		{E2FC02A6-F117-4919-8724-3AF66EDDBB83}.Debug|Any CPU.ActiveCfg = Debug|Any CPU
		{E2FC02A6-F117-4919-8724-3AF66EDDBB83}.Debug|Any CPU.Build.0 = Debug|Any CPU
		{E2FC02A6-F117-4919-8724-3AF66EDDBB83}.Release|Any CPU.ActiveCfg = Release|Any CPU
		{E2FC02A6-F117-4919-8724-3AF66EDDBB83}.Release|Any CPU.Build.0 = Release|Any CPU
	EndGlobalSection
	GlobalSection(SolutionProperties) = preSolution
		HideSolutionNode = FALSE
	EndGlobalSection
	GlobalSection(ExtensibilityGlobals) = postSolution
		SolutionGuid = {C779050B-2E17-4157-9179-AA6759CC32CA}
	EndGlobalSection
EndGlobal
